Microsoft Visual Studio Solution File, Format Version 12.00
# Visual Studio Version 17
VisualStudioVersion = 17.5.2.0
MinimumVisualStudioVersion = 10.0.40219.1
Project("{FAE04EC0-301F-11D3-BF4B-00C04F79EFBC}") = "ia-net", "ia-net.csproj", "{C5126866-65C7-219D-9F46-69BB3A30B13E}"
EndProject
Global
	GlobalSection(SolutionConfigurationPlatforms) = preSolution
		Debug|Any CPU = Debug|Any CPU
		Release|Any CPU = Release|Any CPU
	EndGlobalSection
	GlobalSection(ProjectConfigurationPlatforms) = postSolution
		{C5126866-65C7-219D-9F46-69BB3A30B13E}.Debug|Any CPU.ActiveCfg = Debug|Any CPU
		{C5126866-65C7-219D-9F46-69BB3A30B13E}.Debug|Any CPU.Build.0 = Debug|Any CPU
		{C5126866-65C7-219D-9F46-69BB3A30B13E}.Release|Any CPU.ActiveCfg = Release|Any CPU
		{C5126866-65C7-219D-9F46-69BB3A30B13E}.Release|Any CPU.Build.0 = Release|Any CPU
	EndGlobalSection
	GlobalSection(SolutionProperties) = preSolution
		HideSolutionNode = FALSE
	EndGlobalSection
	GlobalSection(ExtensibilityGlobals) = postSolution
		SolutionGuid = {C97EBBF0-6025-4147-A7B3-28E7A0EEA477}
	EndGlobalSection
EndGlobal
